
Microsoft Visual Studio Solution File, Format Version 12.00
# Visual Studio Version 17
VisualStudioVersion = 17.0.31919.166
MinimumVisualStudioVersion = 10.0.40219.1
Project("{FAE04EC0-301F-11D3-BF4B-00C04F79EFBC}") = "Delegate", "Delegate\Delegate.csproj", "{C1D1DC5A-D33E-4D23-96AA-ABA54E6B9F96}"
EndProject
Global
	GlobalSection(SolutionConfigurationPlatforms) = preSolution
		Debug|Any CPU = Debug|Any CPU
		Release|Any CPU = Release|Any CPU
	EndGlobalSection
	GlobalSection(ProjectConfigurationPlatforms) = postSolution
		{C1D1DC5A-D33E-4D23-96AA-ABA54E6B9F96}.Debug|Any CPU.ActiveCfg = Debug|Any CPU
		{C1D1DC5A-D33E-4D23-96AA-ABA54E6B9F96}.Debug|Any CPU.Build.0 = Debug|Any CPU
		{C1D1DC5A-D33E-4D23-96AA-ABA54E6B9F96}.Release|Any CPU.ActiveCfg = Release|Any CPU
		{C1D1DC5A-D33E-4D23-96AA-ABA54E6B9F96}.Release|Any CPU.Build.0 = Release|Any CPU
	EndGlobalSection
	GlobalSection(SolutionProperties) = preSolution
		HideSolutionNode = FALSE
	EndGlobalSection
	GlobalSection(ExtensibilityGlobals) = postSolution
		SolutionGuid = {9B098D5E-BBD0-4164-9A46-6A7009B75762}
	EndGlobalSection
EndGlobal
